
Microsoft Visual Studio Solution File, Format Version 12.00
# Visual Studio Version 16
VisualStudioVersion = 16.0.29613.14
MinimumVisualStudioVersion = 10.0.40219.1
Project("{9A19103F-16F7-4668-BE54-9A1E7A4F7556}") = "InnergyTask.Console", "InnergyTask.Console\InnergyTask.Console.csproj", "{C650E2A5-EC15-4164-8F29-7D287DCF600F}"
EndProject
Project("{9A19103F-16F7-4668-BE54-9A1E7A4F7556}") = "InnergyTask.Tests", "InnergyTask.Tests\InnergyTask.Tests.csproj", "{4489370B-4A6F-43F6-BC99-B72F25A444AD}"
EndProject
Project("{9A19103F-16F7-4668-BE54-9A1E7A4F7556}") = "InnergyTask.Domain", "InnergyTask.Domain\InnergyTask.Domain.csproj", "{E562FA7D-0035-4E57-A2CF-0BAAFD15F1B5}"
EndProject
Global
	GlobalSection(SolutionConfigurationPlatforms) = preSolution
		Debug|Any CPU = Debug|Any CPU
		Release|Any CPU = Release|Any CPU
	EndGlobalSection
	GlobalSection(ProjectConfigurationPlatforms) = postSolution
		{C650E2A5-EC15-4164-8F29-7D287DCF600F}.Debug|Any CPU.ActiveCfg = Debug|Any CPU
		{C650E2A5-EC15-4164-8F29-7D287DCF600F}.Debug|Any CPU.Build.0 = Debug|Any CPU
		{C650E2A5-EC15-4164-8F29-7D287DCF600F}.Release|Any CPU.ActiveCfg = Release|Any CPU
		{C650E2A5-EC15-4164-8F29-7D287DCF600F}.Release|Any CPU.Build.0 = Release|Any CPU
		{4489370B-4A6F-43F6-BC99-B72F25A444AD}.Debug|Any CPU.ActiveCfg = Debug|Any CPU
		{4489370B-4A6F-43F6-BC99-B72F25A444AD}.Debug|Any CPU.Build.0 = Debug|Any CPU
		{4489370B-4A6F-43F6-BC99-B72F25A444AD}.Release|Any CPU.ActiveCfg = Release|Any CPU
		{4489370B-4A6F-43F6-BC99-B72F25A444AD}.Release|Any CPU.Build.0 = Release|Any CPU
		{E562FA7D-0035-4E57-A2CF-0BAAFD15F1B5}.Debug|Any CPU.ActiveCfg = Debug|Any CPU
		{E562FA7D-0035-4E57-A2CF-0BAAFD15F1B5}.Debug|Any CPU.Build.0 = Debug|Any CPU
		{E562FA7D-0035-4E57-A2CF-0BAAFD15F1B5}.Release|Any CPU.ActiveCfg = Release|Any CPU
		{E562FA7D-0035-4E57-A2CF-0BAAFD15F1B5}.Release|Any CPU.Build.0 = Release|Any CPU
	EndGlobalSection
	GlobalSection(SolutionProperties) = preSolution
		HideSolutionNode = FALSE
	EndGlobalSection
	GlobalSection(ExtensibilityGlobals) = postSolution
		SolutionGuid = {6ADA6165-2250-4D1D-A799-E030C8BDBACC}
	EndGlobalSection
EndGlobal
